// !$*UTF8*$!
{
	archiveVersion = 1;
	classes = {
	};
	objectVersion = 50;
	objects = {

/* Begin PBXBuildFile section */
		B597751F23DF3EB10049EB6A /* AppDelegate.swift in Sources */ = {isa = PBXBuildFile; fileRef = B597751E23DF3EB10049EB6A /* AppDelegate.swift */; };
		B597752123DF3EB10049EB6A /* SceneDelegate.swift in Sources */ = {isa = PBXBuildFile; fileRef = B597752023DF3EB10049EB6A /* SceneDelegate.swift */; };
		B597752323DF3EB10049EB6A /* ViewController.swift in Sources */ = {isa = PBXBuildFile; fileRef = B597752223DF3EB10049EB6A /* ViewController.swift */; };
		B597752623DF3EB10049EB6A /* Main.storyboard in Resources */ = {isa = PBXBuildFile; fileRef = B597752423DF3EB10049EB6A /* Main.storyboard */; };
		B597752823DF3EB50049EB6A /* Assets.xcassets in Resources */ = {isa = PBXBuildFile; fileRef = B597752723DF3EB50049EB6A /* Assets.xcassets */; };
		B597752B23DF3EB50049EB6A /* LaunchScreen.storyboard in Resources */ = {isa = PBXBuildFile; fileRef = B597752923DF3EB50049EB6A /* LaunchScreen.storyboard */; };
		B597753323DF40060049EB6A /* EditorViewController.swift in Sources */ = {isa = PBXBuildFile; fileRef = B597753223DF40060049EB6A /* EditorViewController.swift */; };
/* End PBXBuildFile section */

/* Begin PBXFileReference section */
		B597751B23DF3EB10049EB6A /* ResponderRestorationKeyboardBug.app */ = {isa = PBXFileReference; explicitFileType = wrapper.application; includeInIndex = 0; path = ResponderRestorationKeyboardBug.app; sourceTree = BUILT_PRODUCTS_DIR; };
		B597751E23DF3EB10049EB6A /* AppDelegate.swift */ = {isa = PBXFileReference; lastKnownFileType = sourcecode.swift; path = AppDelegate.swift; sourceTree = "<group>"; };
		B597752023DF3EB10049EB6A /* SceneDelegate.swift */ = {isa = PBXFileReference; lastKnownFileType = sourcecode.swift; path = SceneDelegate.swift; sourceTree = "<group>"; };
		B597752223DF3EB10049EB6A /* ViewController.swift */ = {isa = PBXFileReference; lastKnownFileType = sourcecode.swift; path = ViewController.swift; sourceTree = "<group>"; };
		B597752523DF3EB10049EB6A /* Base */ = {isa = PBXFileReference; lastKnownFileType = file.storyboard; name = Base; path = Base.lproj/Main.storyboard; sourceTree = "<group>"; };
		B597752723DF3EB50049EB6A /* Assets.xcassets */ = {isa = PBXFileReference; lastKnownFileType = folder.assetcatalog; path = Assets.xcassets; sourceTree = "<group>"; };
		B597752A23DF3EB50049EB6A /* Base */ = {isa = PBXFileReference; lastKnownFileType = file.storyboard; name = Base; path = Base.lproj/LaunchScreen.storyboard; sourceTree = "<group>"; };
		B597752C23DF3EB50049EB6A /* Info.plist */ = {isa = PBXFileReference; lastKnownFileType = text.plist.xml; path = Info.plist; sourceTree = "<group>"; };
		B597753223DF40060049EB6A /* EditorViewController.swift */ = {isa = PBXFileReference; lastKnownFileType = sourcecode.swift; path = EditorViewController.swift; sourceTree = "<group>"; };
/* End PBXFileReference section */

/* Begin PBXFrameworksBuildPhase section */
		B597751823DF3EB10049EB6A /* Frameworks */ = {
			isa = PBXFrameworksBuildPhase;
			buildActionMask = 2147483647;
			files = (
			);
			runOnlyForDeploymentPostprocessing = 0;
		};
/* End PBXFrameworksBuildPhase section */

/* Begin PBXGroup section */
		B597751223DF3EB10049EB6A = {
			isa = PBXGroup;
			children = (
				B597751D23DF3EB10049EB6A /* ResponderRestorationKeyboardBug */,
				B597751C23DF3EB10049EB6A /* Products */,
			);
			sourceTree = "<group>";
		};
		B597751C23DF3EB10049EB6A /* Products */ = {
			isa = PBXGroup;
			children = (
				B597751B23DF3EB10049EB6A /* ResponderRestorationKeyboardBug.app */,
			);
			name = Products;
			sourceTree = "<group>";
		};
		B597751D23DF3EB10049EB6A /* ResponderRestorationKeyboardBug */ = {
			isa = PBXGroup;
			children = (
				B597751E23DF3EB10049EB6A /* AppDelegate.swift */,
				B597752023DF3EB10049EB6A /* SceneDelegate.swift */,
				B597752223DF3EB10049EB6A /* ViewController.swift */,
				B597752423DF3EB10049EB6A /* Main.storyboard */,
				B597752723DF3EB50049EB6A /* Assets.xcassets */,
				B597752923DF3EB50049EB6A /* LaunchScreen.storyboard */,
				B597752C23DF3EB50049EB6A /* Info.plist */,
				B597753223DF40060049EB6A /* EditorViewController.swift */,
			);
			path = ResponderRestorationKeyboardBug;
			sourceTree = "<group>";
		};
/* End PBXGroup section */

/* Begin PBXNativeTarget section */
		B597751A23DF3EB10049EB6A /* ResponderRestorationKeyboardBug */ = {
			isa = PBXNativeTarget;
			buildConfigurationList = B597752F23DF3EB50049EB6A /* Build configuration list for PBXNativeTarget "ResponderRestorationKeyboardBug" */;
			buildPhases = (
				B597751723DF3EB10049EB6A /* Sources */,
				B597751823DF3EB10049EB6A /* Frameworks */,
				B597751923DF3EB10049EB6A /* Resources */,
			);
			buildRules = (
			);
			dependencies = (
			);
			name = ResponderRestorationKeyboardBug;
			productName = Test;
			productReference = B597751B23DF3EB10049EB6A /* ResponderRestorationKeyboardBug.app */;
			productType = "com.apple.product-type.application";
		};
/* End PBXNativeTarget section */

/* Begin PBXProject section */
		B597751323DF3EB10049EB6A /* Project object */ = {
			isa = PBXProject;
			attributes = {
				LastSwiftUpdateCheck = 1130;
				LastUpgradeCheck = 1130;
				ORGANIZATIONNAME = A8C;
				TargetAttributes = {
					B597751A23DF3EB10049EB6A = {
						CreatedOnToolsVersion = 11.3.1;
					};
				};
			};
			buildConfigurationList = B597751623DF3EB10049EB6A /* Build configuration list for PBXProject "ResponderRestorationKeyboardBug" */;
			compatibilityVersion = "Xcode 9.3";
			developmentRegion = en;
			hasScannedForEncodings = 0;
			knownRegions = (
				en,
				Base,
			);
			mainGroup = B597751223DF3EB10049EB6A;
			productRefGroup = B597751C23DF3EB10049EB6A /* Products */;
			projectDirPath = "";
			projectRoot = "";
			targets = (
				B597751A23DF3EB10049EB6A /* ResponderRestorationKeyboardBug */,
			);
		};
/* End PBXProject section */

/* Begin PBXResourcesBuildPhase section */
		B597751923DF3EB10049EB6A /* Resources */ = {
			isa = PBXResourcesBuildPhase;
			buildActionMask = 2147483647;
			files = (
				B597752B23DF3EB50049EB6A /* LaunchScreen.storyboard in Resources */,
				B597752823DF3EB50049EB6A /* Assets.xcassets in Resources */,
				B597752623DF3EB10049EB6A /* Main.storyboard in Resources */,
			);
			runOnlyForDeploymentPostprocessing = 0;
		};
/* End PBXResourcesBuildPhase section */

/* Begin PBXSourcesBuildPhase section */
		B597751723DF3EB10049EB6A /* Sources */ = {
			isa = PBXSourcesBuildPhase;
			buildActionMask = 2147483647;
			files = (
				B597752323DF3EB10049EB6A /* ViewController.swift in Sources */,
				B597751F23DF3EB10049EB6A /* AppDelegate.swift in Sources */,
				B597752123DF3EB10049EB6A /* SceneDelegate.swift in Sources */,
				B597753323DF40060049EB6A /* EditorViewController.swift in Sources */,
			);
			runOnlyForDeploymentPostprocessing = 0;
		};
/* End PBXSourcesBuildPhase section */

/* Begin PBXVariantGroup section */
		B597752423DF3EB10049EB6A /* Main.storyboard */ = {
			isa = PBXVariantGroup;
			children = (
				B597752523DF3EB10049EB6A /* Base */,
			);
			name = Main.storyboard;
			sourceTree = "<group>";
		};
		B597752923DF3EB50049EB6A /* LaunchScreen.storyboard */ = {
			isa = PBXVariantGroup;
			children = (
				B597752A23DF3EB50049EB6A /* Base */,
			);
			name = LaunchScreen.storyboard;
			sourceTree = "<group>";
		};
/* End PBXVariantGroup section */

/* Begin XCBuildConfiguration section */
		B597752D23DF3EB50049EB6A /* Debug */ = {
			isa = XCBuildConfiguration;
			buildSettings = {
				ALWAYS_SEARCH_USER_PATHS = NO;
				CLANG_ANALYZER_NONNULL = YES;
				CLANG_ANALYZER_NUMBER_OBJECT_CONVERSION = YES_AGGRESSIVE;
				CLANG_CXX_LANGUAGE_STANDARD = "gnu++14";
				CLANG_CXX_LIBRARY = "libc++";
				CLANG_ENABLE_MODULES = YES;
				CLANG_ENABLE_OBJC_ARC = YES;
				CLANG_ENABLE_OBJC_WEAK = YES;
				CLANG_WARN_BLOCK_CAPTURE_AUTORELEASING = YES;
				CLANG_WARN_BOOL_CONVERSION = YES;
				CLANG_WARN_COMMA = YES;
				CLANG_WARN_CONSTANT_CONVERSION = YES;
				CLANG_WARN_DEPRECATED_OBJC_IMPLEMENTATIONS = YES;
				CLANG_WARN_DIRECT_OBJC_ISA_USAGE = YES_ERROR;
				CLANG_WARN_DOCUMENTATION_COMMENTS = YES;
				CLANG_WARN_EMPTY_BODY = YES;
				CLANG_WARN_ENUM_CONVERSION = YES;
				CLANG_WARN_INFINITE_RECURSION = YES;
				CLANG_WARN_INT_CONVERSION = YES;
				CLANG_WARN_NON_LITERAL_NULL_CONVERSION = YES;
				CLANG_WARN_OBJC_IMPLICIT_RETAIN_SELF = YES;
				CLANG_WARN_OBJC_LITERAL_CONVERSION = YES;
				CLANG_WARN_OBJC_ROOT_CLASS = YES_ERROR;
				CLANG_WARN_RANGE_LOOP_ANALYSIS = YES;
				CLANG_WARN_STRICT_PROTOTYPES = YES;
				CLANG_WARN_SUSPICIOUS_MOVE = YES;
				CLANG_WARN_UNGUARDED_AVAILABILITY = YES_AGGRESSIVE;
				CLANG_WARN_UNREACHABLE_CODE = YES;
				CLANG_WARN__DUPLICATE_METHOD_MATCH = YES;
				COPY_PHASE_STRIP = NO;
				DEBUG_INFORMATION_FORMAT = dwarf;
				ENABLE_STRICT_OBJC_MSGSEND = YES;
				ENABLE_TESTABILITY = YES;
				GCC_C_LANGUAGE_STANDARD = gnu11;
				GCC_DYNAMIC_NO_PIC = NO;
				GCC_NO_COMMON_BLOCKS = YES;
				GCC_OPTIMIZATION_LEVEL = 0;
				GCC_PREPROCESSOR_DEFINITIONS = (
					"DEBUG=1",
					"$(inherited)",
				);
				GCC_WARN_64_TO_32_BIT_CONVERSION = YES;
				GCC_WARN_ABOUT_RETURN_TYPE = YES_ERROR;
				GCC_WARN_UNDECLARED_SELECTOR = YES;
				GCC_WARN_UNINITIALIZED_AUTOS = YES_AGGRESSIVE;
				GCC_WARN_UNUSED_FUNCTION = YES;
				GCC_WARN_UNUSED_VARIABLE = YES;
				IPHONEOS_DEPLOYMENT_TARGET = 13.2;
				MTL_ENABLE_DEBUG_INFO = INCLUDE_SOURCE;
				MTL_FAST_MATH = YES;
				ONLY_ACTIVE_ARCH = YES;
				SDKROOT = iphoneos;
				SWIFT_ACTIVE_COMPILATION_CONDITIONS = DEBUG;
				SWIFT_OPTIMIZATION_LEVEL = "-Onone";
			};
			name = Debug;
		};
		B597752E23DF3EB50049EB6A /* Release */ = {
			isa = XCBuildConfiguration;
			buildSettings = {
				ALWAYS_SEARCH_USER_PATHS = NO;
				CLANG_ANALYZER_NONNULL = YES;
				CLANG_ANALYZER_NUMBER_OBJECT_CONVERSION = YES_AGGRESSIVE;
				CLANG_CXX_LANGUAGE_STANDARD = "gnu++14";
				CLANG_CXX_LIBRARY = "libc++";
				CLANG_ENABLE_MODULES = YES;
				CLANG_ENABLE_OBJC_ARC = YES;
				CLANG_ENABLE_OBJC_WEAK = YES;
				CLANG_WARN_BLOCK_CAPTURE_AUTORELEASING = YES;
				CLANG_WARN_BOOL_CONVERSION = YES;
				CLANG_WARN_COMMA = YES;
				CLANG_WARN_CONSTANT_CONVERSION = YES;
				CLANG_WARN_DEPRECATED_OBJC_IMPLEMENTATIONS = YES;
				CLANG_WARN_DIRECT_OBJC_ISA_USAGE = YES_ERROR;
				CLANG_WARN_DOCUMENTATION_COMMENTS = YES;
				CLANG_WARN_EMPTY_BODY = YES;
				CLANG_WARN_ENUM_CONVERSION = YES;
				CLANG_WARN_INFINITE_RECURSION = YES;
				CLANG_WARN_INT_CONVERSION = YES;
				CLANG_WARN_NON_LITERAL_NULL_CONVERSION = YES;
				CLANG_WARN_OBJC_IMPLICIT_RETAIN_SELF = YES;
				CLANG_WARN_OBJC_LITERAL_CONVERSION = YES;
				CLANG_WARN_OBJC_ROOT_CLASS = YES_ERROR;
				CLANG_WARN_RANGE_LOOP_ANALYSIS = YES;
				CLANG_WARN_STRICT_PROTOTYPES = YES;
				CLANG_WARN_SUSPICIOUS_MOVE = YES;
				CLANG_WARN_UNGUARDED_AVAILABILITY = YES_AGGRESSIVE;
				CLANG_WARN_UNREACHABLE_CODE = YES;
				CLANG_WARN__DUPLICATE_METHOD_MATCH = YES;
				COPY_PHASE_STRIP = NO;
				DEBUG_INFORMATION_FORMAT = "dwarf-with-dsym";
				ENABLE_NS_ASSERTIONS = NO;
				ENABLE_STRICT_OBJC_MSGSEND = YES;
				GCC_C_LANGUAGE_STANDARD = gnu11;
				GCC_NO_COMMON_BLOCKS = YES;
				GCC_WARN_64_TO_32_BIT_CONVERSION = YES;
				GCC_WARN_ABOUT_RETURN_TYPE = YES_ERROR;
				GCC_WARN_UNDECLARED_SELECTOR = YES;
				GCC_WARN_UNINITIALIZED_AUTOS = YES_AGGRESSIVE;
				GCC_WARN_UNUSED_FUNCTION = YES;
				GCC_WARN_UNUSED_VARIABLE = YES;
				IPHONEOS_DEPLOYMENT_TARGET = 13.2;
				MTL_ENABLE_DEBUG_INFO = NO;
				MTL_FAST_MATH = YES;
				SDKROOT = iphoneos;
				SWIFT_COMPILATION_MODE = wholemodule;
				SWIFT_OPTIMIZATION_LEVEL = "-O";
				VALIDATE_PRODUCT = YES;
			};
			name = Release;
		};
		B597753023DF3EB50049EB6A /* Debug */ = {
			isa = XCBuildConfiguration;
			buildSettings = {
				ASSETCATALOG_COMPILER_APPICON_NAME = AppIcon;
				CODE_SIGN_STYLE = Automatic;
				DEVELOPMENT_TEAM = UD62CN8WN6;
				INFOPLIST_FILE = ResponderRestorationKeyboardBug/Info.plist;
				LD_RUNPATH_SEARCH_PATHS = (
					"$(inherited)",
					"@executable_path/Frameworks",
				);
				PRODUCT_BUNDLE_IDENTIFIER = com.a8c.Test;
				PRODUCT_NAME = "$(TARGET_NAME)";
				SWIFT_VERSION = 5.0;
				TARGETED_DEVICE_FAMILY = "1,2";
			};
			name = Debug;
		};
		B597753123DF3EB50049EB6A /* Release */ = {
			isa = XCBuildConfiguration;
			buildSettings = {
				ASSETCATALOG_COMPILER_APPICON_NAME = AppIcon;
				CODE_SIGN_STYLE = Automatic;
				DEVELOPMENT_TEAM = UD62CN8WN6;
				INFOPLIST_FILE = ResponderRestorationKeyboardBug/Info.plist;
				LD_RUNPATH_SEARCH_PATHS = (
					"$(inherited)",
					"@executable_path/Frameworks",
				);
				PRODUCT_BUNDLE_IDENTIFIER = com.a8c.Test;
				PRODUCT_NAME = "$(TARGET_NAME)";
				SWIFT_VERSION = 5.0;
				TARGETED_DEVICE_FAMILY = "1,2";
			};
			name = Release;
		};
/* End XCBuildConfiguration section */

/* Begin XCConfigurationList section */
		B597751623DF3EB10049EB6A /* Build configuration list for PBXProject "ResponderRestorationKeyboardBug" */ = {
			isa = XCConfigurationList;
			buildConfigurations = (
				B597752D23DF3EB50049EB6A /* Debug */,
				B597752E23DF3EB50049EB6A /* Release */,
			);
			defaultConfigurationIsVisible = 0;
			defaultConfigurationName = Release;
		};
		B597752F23DF3EB50049EB6A /* Build configuration list for PBXNativeTarget "ResponderRestorationKeyboardBug" */ = {
			isa = XCConfigurationList;
			buildConfigurations = (
				B597753023DF3EB50049EB6A /* Debug */,
				B597753123DF3EB50049EB6A /* Release */,
			);
			defaultConfigurationIsVisible = 0;
			defaultConfigurationName = Release;
		};
/* End XCConfigurationList section */
	};
	rootObject = B597751323DF3EB10049EB6A /* Project object */;
}
